{
  "name": "platzi-badges",
  "version": "1.0.0",
  "lockfileVersion": 1,
  "requires": true,
  "dependencies": {
    "lokijs": {
      "version": "1.5.8",
      "resolved": "https://registry.npmjs.org/lokijs/-/lokijs-1.5.8.tgz",
      "integrity": "sha512-D8E3TBrY35o1ELnonp2MF8b3wKu2tVNl2TqRjvS+95oPMMe7OoIAxNY1qr+5BEZwnWn2V4ErAjVt000DonM+FA=="
    }
  }
}
